
Microsoft Visual Studio Solution File, Format Version 11.00
# Visual Studio 2010
Project("{FAE04EC0-301F-11D3-BF4B-00C04F79EFBC}") = "ConsoleApplicationOldTask1", "ConsoleApplicationOldTask1\ConsoleApplicationOldTask1.csproj", "{72A446AC-5AA8-4173-9541-3917CCBFF63E}"
EndProject
Project("{FAE04EC0-301F-11D3-BF4B-00C04F79EFBC}") = "LibraryOldTask1", "LibraryOldTask1\LibraryOldTask1.csproj", "{3AE42F69-EACE-4276-AE9E-8FAAFB4E64AD}"
EndProject
Global
	GlobalSection(SolutionConfigurationPlatforms) = preSolution
		Debug|Any CPU = Debug|Any CPU
		Debug|Mixed Platforms = Debug|Mixed Platforms
		Debug|x86 = Debug|x86
		Release|Any CPU = Release|Any CPU
		Release|Mixed Platforms = Release|Mixed Platforms
		Release|x86 = Release|x86
	EndGlobalSection
	GlobalSection(ProjectConfigurationPlatforms) = postSolution
		{72A446AC-5AA8-4173-9541-3917CCBFF63E}.Debug|Any CPU.ActiveCfg = Debug|x86
		{72A446AC-5AA8-4173-9541-3917CCBFF63E}.Debug|Mixed Platforms.ActiveCfg = Debug|x86
		{72A446AC-5AA8-4173-9541-3917CCBFF63E}.Debug|Mixed Platforms.Build.0 = Debug|x86
		{72A446AC-5AA8-4173-9541-3917CCBFF63E}.Debug|x86.ActiveCfg = Debug|x86
		{72A446AC-5AA8-4173-9541-3917CCBFF63E}.Debug|x86.Build.0 = Debug|x86
		{72A446AC-5AA8-4173-9541-3917CCBFF63E}.Release|Any CPU.ActiveCfg = Release|x86
		{72A446AC-5AA8-4173-9541-3917CCBFF63E}.Release|Mixed Platforms.ActiveCfg = Release|x86
		{72A446AC-5AA8-4173-9541-3917CCBFF63E}.Release|Mixed Platforms.Build.0 = Release|x86
		{72A446AC-5AA8-4173-9541-3917CCBFF63E}.Release|x86.ActiveCfg = Release|x86
		{72A446AC-5AA8-4173-9541-3917CCBFF63E}.Release|x86.Build.0 = Release|x86
		{3AE42F69-EACE-4276-AE9E-8FAAFB4E64AD}.Debug|Any CPU.ActiveCfg = Debug|Any CPU
		{3AE42F69-EACE-4276-AE9E-8FAAFB4E64AD}.Debug|Any CPU.Build.0 = Debug|Any CPU
		{3AE42F69-EACE-4276-AE9E-8FAAFB4E64AD}.Debug|Mixed Platforms.ActiveCfg = Debug|Any CPU
		{3AE42F69-EACE-4276-AE9E-8FAAFB4E64AD}.Debug|Mixed Platforms.Build.0 = Debug|Any CPU
		{3AE42F69-EACE-4276-AE9E-8FAAFB4E64AD}.Debug|x86.ActiveCfg = Debug|Any CPU
		{3AE42F69-EACE-4276-AE9E-8FAAFB4E64AD}.Release|Any CPU.ActiveCfg = Release|Any CPU
		{3AE42F69-EACE-4276-AE9E-8FAAFB4E64AD}.Release|Any CPU.Build.0 = Release|Any CPU
		{3AE42F69-EACE-4276-AE9E-8FAAFB4E64AD}.Release|Mixed Platforms.ActiveCfg = Release|Any CPU
		{3AE42F69-EACE-4276-AE9E-8FAAFB4E64AD}.Release|Mixed Platforms.Build.0 = Release|Any CPU
		{3AE42F69-EACE-4276-AE9E-8FAAFB4E64AD}.Release|x86.ActiveCfg = Release|Any CPU
	EndGlobalSection
	GlobalSection(SolutionProperties) = preSolution
		HideSolutionNode = FALSE
	EndGlobalSection
EndGlobal
